{
    "_readme": [
        "This file locks the dependencies of your project to a known state",
        "Read more about it at http://getcomposer.org/doc/01-basic-usage.md#composer-lock-the-lock-file"
    ],
    "hash": "202fbcabe87965b60ba2a78af02b5f63",
    "packages": [
        {
            "name": "igorw/config-service-provider",
            "version": "v1.2.1",
            "source": {
                "type": "git",
                "url": "https://github.com/igorw/ConfigServiceProvider.git",
                "reference": "8e8f60b3ec86d63733db3bd6371117a758027ec6"
            },
            "dist": {
                "type": "zip",
                "url": "https://api.github.com/repos/igorw/ConfigServiceProvider/zipball/8e8f60b3ec86d63733db3bd6371117a758027ec6",
                "reference": "8e8f60b3ec86d63733db3bd6371117a758027ec6",
                "shasum": ""
            },
            "require": {
                "silex/silex": "~1.0"
            },
            "require-dev": {
                "jamesmoss/toml": "~0.1",
                "symfony/yaml": "~2.1"
            },
            "suggest": {
                "jamesmoss/toml": "~0.1",
                "symfony/yaml": "~2.1"
            },
            "type": "library",
            "extra": {
                "branch-alias": {
                    "dev-master": "1.2-dev"
                }
            },
            "autoload": {
                "psr-0": {
                    "Igorw\\Silex": "src"
                }
            },
            "notification-url": "https://packagist.org/downloads/",
            "license": [
                "MIT"
            ],
            "authors": [
                {
                    "name": "Igor Wiedler",
                    "email": "igor@wiedler.ch",
                    "homepage": "http://wiedler.ch/igor/"
                },
                {
                    "name": "Contributors",
                    "homepage": "https://github.com/igorw/ConfigServiceProvider/contributors"
                }
            ],
            "description": "A config ServiceProvider for Silex with support for php, json and yaml.",
            "keywords": [
                "silex"
            ],
            "time": "2013-05-31 14:23:34"
        },
        {
            "name": "jackalope/jackalope",
            "version": "1.0.1",
            "source": {
                "type": "git",
                "url": "https://github.com/jackalope/jackalope.git",
                "reference": "605a3fb6d83c906d19ad88b2347be9453c96a19f"
            },
            "dist": {
                "type": "zip",
                "url": "https://api.github.com/repos/jackalope/jackalope/zipball/605a3fb6d83c906d19ad88b2347be9453c96a19f",
                "reference": "605a3fb6d83c906d19ad88b2347be9453c96a19f",
                "shasum": ""
            },
            "require": {
                "ext-libxml": "*",
                "jackalope/jackalope-transport": "*",
                "php": ">=5.3.2",
                "phpcr/phpcr": "~2.1.0",
                "phpcr/phpcr-utils": "~1.0.0"
            },
            "provide": {
                "phpcr/phpcr-implementation": "2.1.0"
            },
            "type": "library",
            "extra": {
                "branch-alias": {
                    "dev-master": "1.0-dev"
                }
            },
            "autoload": {
                "psr-0": {
                    "Jackalope\\": "src/"
                }
            },
            "notification-url": "https://packagist.org/downloads/",
            "license": [
                "MIT",
                "Apache-2.0"
            ],
            "authors": [
                {
                    "name": "Jackalope Community",
                    "homepage": "https://github.com/jackalope/jackalope/contributors"
                }
            ],
            "description": "Jackalope PHPCR library",
            "homepage": "http://jackalope.github.io",
            "keywords": [
                "phpcr"
            ],
            "time": "2013-11-06 10:28:46"
        },
        {
            "name": "jackalope/jackalope-jackrabbit",
            "version": "dev-master",
            "source": {
                "type": "git",
                "url": "https://github.com/jackalope/jackalope-jackrabbit.git",
                "reference": "b2c96329fca500f2e83c4e74fffa1b6f97a3f492"
            },
            "dist": {
                "type": "zip",
                "url": "https://api.github.com/repos/jackalope/jackalope-jackrabbit/zipball/b2c96329fca500f2e83c4e74fffa1b6f97a3f492",
                "reference": "b2c96329fca500f2e83c4e74fffa1b6f97a3f492",
                "shasum": ""
            },
            "require": {
                "ext-curl": "*",
                "ext-libxml": "*",
                "jackalope/jackalope": "~1.0.0",
                "php": ">=5.3.3",
                "phpcr/phpcr": "~2.1.0",
                "phpcr/phpcr-utils": "~1.0.0"
            },
            "provide": {
                "jackalope/jackalope-transport": "1.0.0"
            },
            "require-dev": {
                "phpcr/phpcr-api-tests": "~2.1.0",
                "symfony/console": "~2.0"
            },
            "bin": [
                "bin/jackalope",
                "bin/jackrabbit.sh"
            ],
            "type": "library",
            "extra": {
                "branch-alias": {
                    "dev-master": "1.0-dev"
                }
            },
            "autoload": {
                "psr-0": {
                    "Jackalope\\": "src/"
                }
            },
            "notification-url": "https://packagist.org/downloads/",
            "license": [
                "MIT",
                "Apache-2.0"
            ],
            "authors": [
                {
                    "name": "Jackalope Community",
                    "homepage": "https://github.com/jackalope/jackalope-jackrabbit/contributors"
                }
            ],
            "description": "Jackalope Transport library for Jackrabbit",
            "homepage": "http://jackalope.github.com",
            "keywords": [
                "jackrabbit",
                "phpcr",
                "transport implementation"
            ],
            "time": "2013-11-01 09:24:00"
        },
        {
            "name": "phpcr/phpcr",
            "version": "2.1.0",
            "source": {
                "type": "git",
                "url": "https://github.com/phpcr/phpcr.git",
                "reference": "f9483968fb77584e47c1dbf2dbc7906447f8c5b1"
            },
            "dist": {
                "type": "zip",
                "url": "https://api.github.com/repos/phpcr/phpcr/zipball/f9483968fb77584e47c1dbf2dbc7906447f8c5b1",
                "reference": "f9483968fb77584e47c1dbf2dbc7906447f8c5b1",
                "shasum": ""
            },
            "require": {
                "php": ">=5.3.0"
            },
            "type": "library",
            "extra": {
                "branch-alias": {
                    "dev-master": "2.1-dev"
                }
            },
            "autoload": {
                "psr-0": {
                    "PHPCR": "src"
                }
            },
            "notification-url": "https://packagist.org/downloads/",
            "license": [
                "MIT",
                "Apache-2.0"
            ],
            "authors": [
                {
                    "name": "Lukas Kahwe Smith",
                    "email": "smith@pooteeweet.org"
                },
                {
                    "name": "David Buchmann",
                    "email": "david@liip.ch"
                },
                {
                    "name": "Karsten Dambekalns",
                    "email": "karsten@typo3.org"
                }
            ],
            "description": "PHP Content Repository interfaces",
            "homepage": "http://phpcr.github.io",
            "keywords": [
                "contentrepository",
                "phpcr"
            ],
            "time": "2013-10-07 15:34:44"
        },
        {
            "name": "phpcr/phpcr-utils",
            "version": "1.0.0",
            "source": {
                "type": "git",
                "url": "https://github.com/phpcr/phpcr-utils.git",
                "reference": "7920ce3c60cffceb325819bfdf4ebe873df69839"
            },
            "dist": {
                "type": "zip",
                "url": "https://api.github.com/repos/phpcr/phpcr-utils/zipball/7920ce3c60cffceb325819bfdf4ebe873df69839",
                "reference": "7920ce3c60cffceb325819bfdf4ebe873df69839",
                "shasum": ""
            },
            "require": {
                "php": ">=5.3.0",
                "phpcr/phpcr": "~2.1.0",
                "symfony/console": "~2.0"
            },
            "type": "library",
            "extra": {
                "branch-alias": {
                    "dev-master": "1.0-dev"
                }
            },
            "autoload": {
                "psr-0": {
                    "PHPCR\\Util": "src"
                }
            },
            "notification-url": "https://packagist.org/downloads/",
            "license": [
                "MIT",
                "Apache-2.0"
            ],
            "authors": [
                {
                    "name": "Lukas Kahwe Smith",
                    "email": "smith@pooteeweet.org"
                },
                {
                    "name": "David Buchmann",
                    "email": "david@liip.ch"
                },
                {
                    "name": "Daniel Barsotti",
                    "email": "daniel.barsotti@liip.ch",
                    "role": "maintainer"
                },
                {
                    "name": "Nacho Martín",
                    "email": "nitram.ohcan@gmail.com"
                }
            ],
            "description": "PHP Content Repository implementation independant utilities",
            "homepage": "http://phpcr.github.com",
            "keywords": [
                "cli",
                "contentrepository",
                "phpcr"
            ],
            "time": "2013-10-10 19:46:30"
        },
        {
            "name": "pimple/pimple",
            "version": "v1.1.0",
            "source": {
                "type": "git",
                "url": "https://github.com/fabpot/Pimple.git",
                "reference": "471c7d7c52ad6594e17b8ec33efdd1be592b5d83"
            },
            "dist": {
                "type": "zip",
                "url": "https://api.github.com/repos/fabpot/Pimple/zipball/471c7d7c52ad6594e17b8ec33efdd1be592b5d83",
                "reference": "471c7d7c52ad6594e17b8ec33efdd1be592b5d83",
                "shasum": ""
            },
            "require": {
                "php": ">=5.3.0"
            },
            "type": "library",
            "extra": {
                "branch-alias": {
                    "dev-master": "1.1.x-dev"
                }
            },
            "autoload": {
                "psr-0": {
                    "Pimple": "lib/"
                }
            },
            "notification-url": "https://packagist.org/downloads/",
            "license": [
                "MIT"
            ],
            "authors": [
                {
                    "name": "Fabien Potencier",
                    "email": "fabien@symfony.com"
                }
            ],
            "description": "Pimple is a simple Dependency Injection Container for PHP 5.3",
            "homepage": "http://pimple.sensiolabs.org",
            "keywords": [
                "container",
                "dependency injection"
            ],
            "time": "2013-09-19 04:53:08"
        },
        {
            "name": "psr/log",
            "version": "1.0.0",
            "source": {
                "type": "git",
                "url": "https://github.com/php-fig/log.git",
                "reference": "fe0936ee26643249e916849d48e3a51d5f5e278b"
            },
            "dist": {
                "type": "zip",
                "url": "https://api.github.com/repos/php-fig/log/zipball/fe0936ee26643249e916849d48e3a51d5f5e278b",
                "reference": "fe0936ee26643249e916849d48e3a51d5f5e278b",
                "shasum": ""
            },
            "type": "library",
            "autoload": {
                "psr-0": {
                    "Psr\\Log\\": ""
                }
            },
            "notification-url": "https://packagist.org/downloads/",
            "license": [
                "MIT"
            ],
            "authors": [
                {
                    "name": "PHP-FIG",
                    "homepage": "http://www.php-fig.org/"
                }
            ],
            "description": "Common interface for logging libraries",
            "keywords": [
                "log",
                "psr",
                "psr-3"
            ],
            "time": "2012-12-21 11:40:51"
        },
        {
            "name": "silex/silex",
            "version": "dev-master",
            "source": {
                "type": "git",
                "url": "https://github.com/silexphp/Silex.git",
                "reference": "8c157d158348216ea4c2c520cbc00b245c770e0a"
            },
            "dist": {
                "type": "zip",
                "url": "https://api.github.com/repos/silexphp/Silex/zipball/8c157d158348216ea4c2c520cbc00b245c770e0a",
                "reference": "8c157d158348216ea4c2c520cbc00b245c770e0a",
                "shasum": ""
            },
            "require": {
                "php": ">=5.3.3",
                "pimple/pimple": "~1.0",
                "symfony/event-dispatcher": ">=2.3,<2.5-dev",
                "symfony/http-foundation": ">=2.3,<2.5-dev",
                "symfony/http-kernel": ">=2.3,<2.5-dev",
                "symfony/routing": ">=2.3,<2.5-dev"
            },
            "require-dev": {
                "doctrine/dbal": ">=2.2.0,<2.4.0-dev",
                "monolog/monolog": "~1.4,>=1.4.1",
                "phpunit/phpunit": "~3.7",
                "swiftmailer/swiftmailer": "5.*",
                "symfony/browser-kit": ">=2.3,<2.5-dev",
                "symfony/config": ">=2.3,<2.5-dev",
                "symfony/css-selector": ">=2.3,<2.5-dev",
                "symfony/debug": ">=2.3,<2.5-dev",
                "symfony/dom-crawler": ">=2.3,<2.5-dev",
                "symfony/finder": ">=2.3,<2.5-dev",
                "symfony/form": ">=2.3,<2.5-dev",
                "symfony/locale": ">=2.3,<2.5-dev",
                "symfony/monolog-bridge": ">=2.3,<2.5-dev",
                "symfony/options-resolver": ">=2.3,<2.5-dev",
                "symfony/process": ">=2.3,<2.5-dev",
                "symfony/security": ">=2.3,<2.5-dev",
                "symfony/serializer": ">=2.3,<2.5-dev",
                "symfony/translation": ">=2.3,<2.5-dev",
                "symfony/twig-bridge": ">=2.3,<2.5-dev",
                "symfony/validator": ">=2.3,<2.5-dev",
                "twig/twig": ">=1.8.0,<2.0-dev"
            },
            "suggest": {
                "symfony/browser-kit": ">=2.3,<2.5-dev",
                "symfony/css-selector": ">=2.3,<2.5-dev",
                "symfony/dom-crawler": ">=2.3,<2.5-dev",
                "symfony/form": ">=2.3,<2.5-dev"
            },
            "type": "library",
            "extra": {
                "branch-alias": {
                    "dev-master": "1.2.x-dev"
                }
            },
            "autoload": {
                "psr-0": {
                    "Silex": "src/"
                }
            },
            "notification-url": "https://packagist.org/downloads/",
            "license": [
                "MIT"
            ],
            "authors": [
                {
                    "name": "Fabien Potencier",
                    "email": "fabien@symfony.com"
                },
                {
                    "name": "Igor Wiedler",
                    "email": "igor@wiedler.ch",
                    "homepage": "http://wiedler.ch/igor/"
                }
            ],
            "description": "The PHP micro-framework based on the Symfony2 Components",
            "homepage": "http://silex.sensiolabs.org",
            "keywords": [
                "microframework"
            ],
            "time": "2013-12-06 10:11:42"
        },
        {
            "name": "symfony/console",
            "version": "v2.4.0",
            "target-dir": "Symfony/Component/Console",
            "source": {
                "type": "git",
                "url": "https://github.com/symfony/Console.git",
                "reference": "3c1496ae96d24ccc6c340fcc25f71d7a1ab4c12c"
            },
            "dist": {
                "type": "zip",
                "url": "https://api.github.com/repos/symfony/Console/zipball/3c1496ae96d24ccc6c340fcc25f71d7a1ab4c12c",
                "reference": "3c1496ae96d24ccc6c340fcc25f71d7a1ab4c12c",
                "shasum": ""
            },
            "require": {
                "php": ">=5.3.3"
            },
            "require-dev": {
                "symfony/event-dispatcher": "~2.1"
            },
            "suggest": {
                "symfony/event-dispatcher": ""
            },
            "type": "library",
            "extra": {
                "branch-alias": {
                    "dev-master": "2.4-dev"
                }
            },
            "autoload": {
                "psr-0": {
                    "Symfony\\Component\\Console\\": ""
                }
            },
            "notification-url": "https://packagist.org/downloads/",
            "license": [
                "MIT"
            ],
            "authors": [
                {
                    "name": "Fabien Potencier",
                    "email": "fabien@symfony.com"
                },
                {
                    "name": "Symfony Community",
                    "homepage": "http://symfony.com/contributors"
                }
            ],
            "description": "Symfony Console Component",
            "homepage": "http://symfony.com",
            "time": "2013-11-27 09:10:40"
        },
        {
            "name": "symfony/debug",
            "version": "v2.4.0",
            "target-dir": "Symfony/Component/Debug",
            "source": {
                "type": "git",
                "url": "https://github.com/symfony/Debug.git",
                "reference": "848565cb83d985eb77dac3f9e4486f3bce92b4a2"
            },
            "dist": {
                "type": "zip",
                "url": "https://api.github.com/repos/symfony/Debug/zipball/848565cb83d985eb77dac3f9e4486f3bce92b4a2",
                "reference": "848565cb83d985eb77dac3f9e4486f3bce92b4a2",
                "shasum": ""
            },
            "require": {
                "php": ">=5.3.3"
            },
            "require-dev": {
                "symfony/http-foundation": "~2.1",
                "symfony/http-kernel": "~2.1"
            },
            "suggest": {
                "symfony/http-foundation": "",
                "symfony/http-kernel": ""
            },
            "type": "library",
            "extra": {
                "branch-alias": {
                    "dev-master": "2.4-dev"
                }
            },
            "autoload": {
                "psr-0": {
                    "Symfony\\Component\\Debug\\": ""
                }
            },
            "notification-url": "https://packagist.org/downloads/",
            "license": [
                "MIT"
            ],
            "authors": [
                {
                    "name": "Fabien Potencier",
                    "email": "fabien@symfony.com"
                },
                {
                    "name": "Symfony Community",
                    "homepage": "http://symfony.com/contributors"
                }
            ],
            "description": "Symfony Debug Component",
            "homepage": "http://symfony.com",
            "time": "2013-12-03 14:52:22"
        },
        {
            "name": "symfony/event-dispatcher",
            "version": "v2.4.0",
            "target-dir": "Symfony/Component/EventDispatcher",
            "source": {
                "type": "git",
                "url": "https://github.com/symfony/EventDispatcher.git",
                "reference": "acd1707236f6eb96fbb8d58f63d289b72ebc2f6e"
            },
            "dist": {
                "type": "zip",
                "url": "https://api.github.com/repos/symfony/EventDispatcher/zipball/acd1707236f6eb96fbb8d58f63d289b72ebc2f6e",
                "reference": "acd1707236f6eb96fbb8d58f63d289b72ebc2f6e",
                "shasum": ""
            },
            "require": {
                "php": ">=5.3.3"
            },
            "require-dev": {
                "symfony/dependency-injection": "~2.0"
            },
            "suggest": {
                "symfony/dependency-injection": "",
                "symfony/http-kernel": ""
            },
            "type": "library",
            "extra": {
                "branch-alias": {
                    "dev-master": "2.4-dev"
                }
            },
            "autoload": {
                "psr-0": {
                    "Symfony\\Component\\EventDispatcher\\": ""
                }
            },
            "notification-url": "https://packagist.org/downloads/",
            "license": [
                "MIT"
            ],
            "authors": [
                {
                    "name": "Fabien Potencier",
                    "email": "fabien@symfony.com"
                },
                {
                    "name": "Symfony Community",
                    "homepage": "http://symfony.com/contributors"
                }
            ],
            "description": "Symfony EventDispatcher Component",
            "homepage": "http://symfony.com",
            "time": "2013-12-03 14:52:22"
        },
        {
            "name": "symfony/http-foundation",
            "version": "v2.4.0",
            "target-dir": "Symfony/Component/HttpFoundation",
            "source": {
                "type": "git",
                "url": "https://github.com/symfony/HttpFoundation.git",
                "reference": "381245ba3e507a3e9c5b4c2cbf344a312fb6081d"
            },
            "dist": {
                "type": "zip",
                "url": "https://api.github.com/repos/symfony/HttpFoundation/zipball/381245ba3e507a3e9c5b4c2cbf344a312fb6081d",
                "reference": "381245ba3e507a3e9c5b4c2cbf344a312fb6081d",
                "shasum": ""
            },
            "require": {
                "php": ">=5.3.3"
            },
            "type": "library",
            "extra": {
                "branch-alias": {
                    "dev-master": "2.4-dev"
                }
            },
            "autoload": {
                "psr-0": {
                    "Symfony\\Component\\HttpFoundation\\": ""
                },
                "classmap": [
                    "Symfony/Component/HttpFoundation/Resources/stubs"
                ]
            },
            "notification-url": "https://packagist.org/downloads/",
            "license": [
                "MIT"
            ],
            "authors": [
                {
                    "name": "Fabien Potencier",
                    "email": "fabien@symfony.com"
                },
                {
                    "name": "Symfony Community",
                    "homepage": "http://symfony.com/contributors"
                }
            ],
            "description": "Symfony HttpFoundation Component",
            "homepage": "http://symfony.com",
            "time": "2013-11-28 10:27:26"
        },
        {
            "name": "symfony/http-kernel",
            "version": "v2.4.0",
            "target-dir": "Symfony/Component/HttpKernel",
            "source": {
                "type": "git",
                "url": "https://github.com/symfony/HttpKernel.git",
                "reference": "e5afbeabef99f916f0e0d76f68a36343aa293387"
            },
            "dist": {
                "type": "zip",
                "url": "https://api.github.com/repos/symfony/HttpKernel/zipball/e5afbeabef99f916f0e0d76f68a36343aa293387",
                "reference": "e5afbeabef99f916f0e0d76f68a36343aa293387",
                "shasum": ""
            },
            "require": {
                "php": ">=5.3.3",
                "psr/log": "~1.0",
                "symfony/debug": "~2.3",
                "symfony/event-dispatcher": "~2.1",
                "symfony/http-foundation": "~2.4"
            },
            "require-dev": {
                "symfony/browser-kit": "~2.2",
                "symfony/class-loader": "~2.1",
                "symfony/config": "~2.0",
                "symfony/console": "~2.2",
                "symfony/dependency-injection": "~2.0",
                "symfony/finder": "~2.0",
                "symfony/process": "~2.0",
                "symfony/routing": "~2.2",
                "symfony/stopwatch": "~2.2",
                "symfony/templating": "~2.2"
            },
            "suggest": {
                "symfony/browser-kit": "",
                "symfony/class-loader": "",
                "symfony/config": "",
                "symfony/console": "",
                "symfony/dependency-injection": "",
                "symfony/finder": ""
            },
            "type": "library",
            "extra": {
                "branch-alias": {
                    "dev-master": "2.4-dev"
                }
            },
            "autoload": {
                "psr-0": {
                    "Symfony\\Component\\HttpKernel\\": ""
                }
            },
            "notification-url": "https://packagist.org/downloads/",
            "license": [
                "MIT"
            ],
            "authors": [
                {
                    "name": "Fabien Potencier",
                    "email": "fabien@symfony.com"
                },
                {
                    "name": "Symfony Community",
                    "homepage": "http://symfony.com/contributors"
                }
            ],
            "description": "Symfony HttpKernel Component",
            "homepage": "http://symfony.com",
            "time": "2013-12-03 15:23:03"
        },
        {
            "name": "symfony/routing",
            "version": "v2.4.0",
            "target-dir": "Symfony/Component/Routing",
            "source": {
                "type": "git",
                "url": "https://github.com/symfony/Routing.git",
                "reference": "a7a665e2a0e3a203ca9a690c021066e76295bf6a"
            },
            "dist": {
                "type": "zip",
                "url": "https://api.github.com/repos/symfony/Routing/zipball/a7a665e2a0e3a203ca9a690c021066e76295bf6a",
                "reference": "a7a665e2a0e3a203ca9a690c021066e76295bf6a",
                "shasum": ""
            },
            "require": {
                "php": ">=5.3.3"
            },
            "require-dev": {
                "doctrine/annotations": "~1.0",
                "psr/log": "~1.0",
                "symfony/config": "~2.2",
                "symfony/expression-language": "~2.4",
                "symfony/yaml": "~2.0"
            },
            "suggest": {
                "doctrine/annotations": "For using the annotation loader",
                "symfony/config": "For using the all-in-one router or any loader",
                "symfony/expression-language": "For using expression matching",
                "symfony/yaml": "For using the YAML loader"
            },
            "type": "library",
            "extra": {
                "branch-alias": {
                    "dev-master": "2.4-dev"
                }
            },
            "autoload": {
                "psr-0": {
                    "Symfony\\Component\\Routing\\": ""
                }
            },
            "notification-url": "https://packagist.org/downloads/",
            "license": [
                "MIT"
            ],
            "authors": [
                {
                    "name": "Fabien Potencier",
                    "email": "fabien@symfony.com"
                },
                {
                    "name": "Symfony Community",
                    "homepage": "http://symfony.com/contributors"
                }
            ],
            "description": "Symfony Routing Component",
            "homepage": "http://symfony.com",
            "keywords": [
                "router",
                "routing",
                "uri",
                "url"
            ],
            "time": "2013-11-22 17:42:00"
        },
        {
            "name": "symfony/twig-bridge",
            "version": "v2.3.7",
            "target-dir": "Symfony/Bridge/Twig",
            "source": {
                "type": "git",
                "url": "https://github.com/symfony/TwigBridge.git",
                "reference": "d784512e386b3d7ddeb22774e73f9d53f19da01f"
            },
            "dist": {
                "type": "zip",
                "url": "https://api.github.com/repos/symfony/TwigBridge/zipball/d784512e386b3d7ddeb22774e73f9d53f19da01f",
                "reference": "d784512e386b3d7ddeb22774e73f9d53f19da01f",
                "shasum": ""
            },
            "require": {
                "php": ">=5.3.3",
                "twig/twig": "~1.11"
            },
            "require-dev": {
                "symfony/form": "~2.2",
                "symfony/http-kernel": "~2.2",
                "symfony/routing": "~2.2",
                "symfony/security": "~2.0",
                "symfony/templating": "~2.1",
                "symfony/translation": "~2.2",
                "symfony/yaml": "~2.0"
            },
            "suggest": {
                "symfony/form": "",
                "symfony/http-kernel": "",
                "symfony/routing": "",
                "symfony/security": "",
                "symfony/templating": "",
                "symfony/translation": "",
                "symfony/yaml": ""
            },
            "type": "symfony-bridge",
            "extra": {
                "branch-alias": {
                    "dev-master": "2.3-dev"
                }
            },
            "autoload": {
                "psr-0": {
                    "Symfony\\Bridge\\Twig\\": ""
                }
            },
            "notification-url": "https://packagist.org/downloads/",
            "license": [
                "MIT"
            ],
            "authors": [
                {
                    "name": "Fabien Potencier",
                    "email": "fabien@symfony.com"
                },
                {
                    "name": "Symfony Community",
                    "homepage": "http://symfony.com/contributors"
                }
            ],
            "description": "Symfony Twig Bridge",
            "homepage": "http://symfony.com",
            "time": "2013-09-19 09:45:20"
        },
        {
            "name": "symfony/yaml",
            "version": "dev-master",
            "target-dir": "Symfony/Component/Yaml",
            "source": {
                "type": "git",
                "url": "https://github.com/symfony/Yaml.git",
                "reference": "1481f096caead542c2dfadd67d9fd6124d97e273"
            },
            "dist": {
                "type": "zip",
                "url": "https://api.github.com/repos/symfony/Yaml/zipball/1481f096caead542c2dfadd67d9fd6124d97e273",
                "reference": "1481f096caead542c2dfadd67d9fd6124d97e273",
                "shasum": ""
            },
            "require": {
                "php": ">=5.3.3"
            },
            "type": "library",
            "extra": {
                "branch-alias": {
                    "dev-master": "2.5-dev"
                }
            },
            "autoload": {
                "psr-0": {
                    "Symfony\\Component\\Yaml\\": ""
                }
            },
            "notification-url": "https://packagist.org/downloads/",
            "license": [
                "MIT"
            ],
            "authors": [
                {
                    "name": "Fabien Potencier",
                    "email": "fabien@symfony.com"
                },
                {
                    "name": "Symfony Community",
                    "homepage": "http://symfony.com/contributors"
                }
            ],
            "description": "Symfony Yaml Component",
            "homepage": "http://symfony.com",
            "time": "2013-11-26 16:42:52"
        },
        {
            "name": "twig/twig",
            "version": "dev-master",
            "source": {
                "type": "git",
                "url": "https://github.com/fabpot/Twig.git",
                "reference": "7066ce68ad2fa24b70880217b344505ab8613c83"
            },
            "dist": {
                "type": "zip",
                "url": "https://api.github.com/repos/fabpot/Twig/zipball/7066ce68ad2fa24b70880217b344505ab8613c83",
                "reference": "7066ce68ad2fa24b70880217b344505ab8613c83",
                "shasum": ""
            },
            "require": {
                "php": ">=5.2.4"
            },
            "type": "library",
            "extra": {
                "branch-alias": {
                    "dev-master": "1.15-dev"
                }
            },
            "autoload": {
                "psr-0": {
                    "Twig_": "lib/"
                }
            },
            "notification-url": "https://packagist.org/downloads/",
            "license": [
                "BSD-3-Clause"
            ],
            "authors": [
                {
                    "name": "Fabien Potencier",
                    "email": "fabien@symfony.com"
                },
                {
                    "name": "Armin Ronacher",
                    "email": "armin.ronacher@active-4.com"
                }
            ],
            "description": "Twig, the flexible, fast, and secure template language for PHP",
            "homepage": "http://twig.sensiolabs.org",
            "keywords": [
                "templating"
            ],
            "time": "2013-12-06 08:13:22"
        }
    ],
    "packages-dev": [

    ],
    "aliases": [

    ],
    "minimum-stability": "stable",
    "stability-flags": {
        "silex/silex": 20,
        "symfony/yaml": 20,
        "twig/twig": 20,
        "jackalope/jackalope-jackrabbit": 20
    },
    "platform": [

    ],
    "platform-dev": [

    ]
}
